
Microsoft Visual Studio Solution File, Format Version 12.00
# Visual Studio Version 17
VisualStudioVersion = 17.0.32126.317
MinimumVisualStudioVersion = 10.0.40219.1
Project("{FAE04EC0-301F-11D3-BF4B-00C04F79EFBC}") = "MemoryGame", "MemoryGame\MemoryGame.csproj", "{5307BDA3-E483-46CA-856C-3179419A2322}"
EndProject
Global
	GlobalSection(SolutionConfigurationPlatforms) = preSolution
		Debug|Any CPU = Debug|Any CPU
		Release|Any CPU = Release|Any CPU
	EndGlobalSection
	GlobalSection(ProjectConfigurationPlatforms) = postSolution
		{5307BDA3-E483-46CA-856C-3179419A2322}.Debug|Any CPU.ActiveCfg = Debug|Any CPU
		{5307BDA3-E483-46CA-856C-3179419A2322}.Debug|Any CPU.Build.0 = Debug|Any CPU
		{5307BDA3-E483-46CA-856C-3179419A2322}.Release|Any CPU.ActiveCfg = Release|Any CPU
		{5307BDA3-E483-46CA-856C-3179419A2322}.Release|Any CPU.Build.0 = Release|Any CPU
	EndGlobalSection
	GlobalSection(SolutionProperties) = preSolution
		HideSolutionNode = FALSE
	EndGlobalSection
	GlobalSection(ExtensibilityGlobals) = postSolution
		SolutionGuid = {C50BDC12-3A94-4546-9EAA-3A705360EFFE}
	EndGlobalSection
EndGlobal
